
Microsoft Visual Studio Solution File, Format Version 12.00
# Visual Studio Version 17
VisualStudioVersion = 17.14.36414.22 d17.14
MinimumVisualStudioVersion = 10.0.40219.1
Project("{8BC9CEB8-8B4A-11D0-8D11-00A0C91BC942}") = "cppLab3Var4", "cppLab3Var4.vcxproj", "{92E133E5-E3CE-4547-96CA-4371394F34CB}"
EndProject
Global
	GlobalSection(SolutionConfigurationPlatforms) = preSolution
		Debug|x64 = Debug|x64
		Debug|x86 = Debug|x86
		Release|x64 = Release|x64
		Release|x86 = Release|x86
	EndGlobalSection
	GlobalSection(ProjectConfigurationPlatforms) = postSolution
		{92E133E5-E3CE-4547-96CA-4371394F34CB}.Debug|x64.ActiveCfg = Debug|x64
		{92E133E5-E3CE-4547-96CA-4371394F34CB}.Debug|x64.Build.0 = Debug|x64
		{92E133E5-E3CE-4547-96CA-4371394F34CB}.Debug|x86.ActiveCfg = Debug|Win32
		{92E133E5-E3CE-4547-96CA-4371394F34CB}.Debug|x86.Build.0 = Debug|Win32
		{92E133E5-E3CE-4547-96CA-4371394F34CB}.Release|x64.ActiveCfg = Release|x64
		{92E133E5-E3CE-4547-96CA-4371394F34CB}.Release|x64.Build.0 = Release|x64
		{92E133E5-E3CE-4547-96CA-4371394F34CB}.Release|x86.ActiveCfg = Release|Win32
		{92E133E5-E3CE-4547-96CA-4371394F34CB}.Release|x86.Build.0 = Release|Win32
	EndGlobalSection
	GlobalSection(SolutionProperties) = preSolution
		HideSolutionNode = FALSE
	EndGlobalSection
	GlobalSection(ExtensibilityGlobals) = postSolution
		SolutionGuid = {C58940EB-08B5-4AB0-823A-B81515D400CD}
	EndGlobalSection
EndGlobal
